
Microsoft Visual Studio Solution File, Format Version 12.00
# Visual Studio Version 17
VisualStudioVersion = 17.5.33103.201
MinimumVisualStudioVersion = 10.0.40219.1
Project("{FAE04EC0-301F-11D3-BF4B-00C04F79EFBC}") = "WinUi.Extensions", "WinUi.Extensions\WinUi.Extensions.csproj", "{49F1C16C-8FFA-402F-9F2A-06FFD94FA2CA}"
EndProject
Global
	GlobalSection(SolutionConfigurationPlatforms) = preSolution
		Debug|Any CPU = Debug|Any CPU
		Release|Any CPU = Release|Any CPU
	EndGlobalSection
	GlobalSection(ProjectConfigurationPlatforms) = postSolution
		{49F1C16C-8FFA-402F-9F2A-06FFD94FA2CA}.Debug|Any CPU.ActiveCfg = Debug|Any CPU
		{49F1C16C-8FFA-402F-9F2A-06FFD94FA2CA}.Debug|Any CPU.Build.0 = Debug|Any CPU
		{49F1C16C-8FFA-402F-9F2A-06FFD94FA2CA}.Release|Any CPU.ActiveCfg = Release|Any CPU
		{49F1C16C-8FFA-402F-9F2A-06FFD94FA2CA}.Release|Any CPU.Build.0 = Release|Any CPU
	EndGlobalSection
	GlobalSection(SolutionProperties) = preSolution
		HideSolutionNode = FALSE
	EndGlobalSection
	GlobalSection(ExtensibilityGlobals) = postSolution
		SolutionGuid = {0F7D12C9-BE2A-4916-B354-9A3E6AC51F0C}
	EndGlobalSection
EndGlobal
